PODS:
  - Bugly (2.4.8)
  - UMengAnalytics-NO-IDFA (4.2.5)

DEPENDENCIES:
  - Bugly (~> 2.4.7)
  - UMengAnalytics-NO-IDFA (~> 4.2.5)

SPEC CHECKSUMS:
  Bugly: da3c02408c14838d498429320545a8e439392978
  UMengAnalytics-NO-IDFA: 16666e32edce5be44ae5b14aaaa7f3582e09d6ab

PODFILE CHECKSUM: 067208e216b8e071aa14e2808474e7f8578d4063

COCOAPODS: 1.3.1
