// !$*UTF8*$!
{
	archiveVersion = 1;
	classes = {
	};
	objectVersion = 46;
	objects = {

/* Begin PBXBuildFile section */
		0F7BB37B1CE6303500D6C73C /* HYNoResultsView.m in Sources */ = {isa = PBXBuildFile; fileRef = 0F7BB37A1CE6303500D6C73C /* HYNoResultsView.m */; };
		0F7BB37E1CE7231100D6C73C /* LogicBus.swift in Sources */ = {isa = PBXBuildFile; fileRef = 0F7BB37D1CE7231100D6C73C /* LogicBus.swift */; };
		0F7BB3801CE7235500D6C73C /* HomeLogic.swift in Sources */ = {isa = PBXBuildFile; fileRef = 0F7BB37F1CE7235500D6C73C /* HomeLogic.swift */; };
		0F7BB3821CE736E400D6C73C /* GroupDetailLogic.swift in Sources */ = {isa = PBXBuildFile; fileRef = 0F7BB3811CE736E400D6C73C /* GroupDetailLogic.swift */; };
		0F883FB01ECFCB7A00947462 /* ReactiveCocoa.framework in Frameworks */ = {isa = PBXBuildFile; fileRef = 0F883FAD1ECFCB7A00947462 /* ReactiveCocoa.framework */; };
		0F883FB11ECFCB7A00947462 /* ReactiveSwift.framework in Frameworks */ = {isa = PBXBuildFile; fileRef = 0F883FAE1ECFCB7A00947462 /* ReactiveSwift.framework */; };
		0F883FB21ECFCB7A00947462 /* Result.framework in Frameworks */ = {isa = PBXBuildFile; fileRef = 0F883FAF1ECFCB7A00947462 /* Result.framework */; };
		0F883FB51ED0145000947462 /* Localizable.strings in Resources */ = {isa = PBXBuildFile; fileRef = 0F883FB71ED0145000947462 /* Localizable.strings */; };
		0FA2BE8E1C9CF7EB0095CA45 /* FavoriteCell.swift in Sources */ = {isa = PBXBuildFile; fileRef = 0FA2BE8D1C9CF7EB0095CA45 /* FavoriteCell.swift */; };
		0FA2BE901C9CFC820095CA45 /* FavoriteDetailVC.swift in Sources */ = {isa = PBXBuildFile; fileRef = 0FA2BE8F1C9CFC820095CA45 /* FavoriteDetailVC.swift */; };
		0FA724AC1CE4C96E00557725 /* CacheBus.m in Sources */ = {isa = PBXBuildFile; fileRef = 0FA724AB1CE4C96E00557725 /* CacheBus.m */; };
		0FA724AF1CE4C98800557725 /* CacheBase.m in Sources */ = {isa = PBXBuildFile; fileRef = 0FA724AE1CE4C98800557725 /* CacheBase.m */; };
		0FA724B21CE4C9B500557725 /* CacheCategory.m in Sources */ = {isa = PBXBuildFile; fileRef = 0FA724B11CE4C9B500557725 /* CacheCategory.m */; };
		0FA724B51CE4C9C800557725 /* CacheFavorite.m in Sources */ = {isa = PBXBuildFile; fileRef = 0FA724B41CE4C9C800557725 /* CacheFavorite.m */; };
		A3030CCE1C8BD7F500134CCA /* GroupCell.swift in Sources */ = {isa = PBXBuildFile; fileRef = A3030CCD1C8BD7F500134CCA /* GroupCell.swift */; };
		A3030CD11C8BE4EF00134CCA /* FavoriteGroupDetailVC.swift in Sources */ = {isa = PBXBuildFile; fileRef = A3030CD01C8BE4EF00134CCA /* FavoriteGroupDetailVC.swift */; };
		A3030CD41C8BE78100134CCA /* Favorite.swift in Sources */ = {isa = PBXBuildFile; fileRef = A3030CD31C8BE78100134CCA /* Favorite.swift */; };
		A3030CDF1C8C3F3C00134CCA /* FavoriteCategory.swift in Sources */ = {isa = PBXBuildFile; fileRef = A3030CDE1C8C3F3C00134CCA /* FavoriteCategory.swift */; };
		A3030CE21C8C722E00134CCA /* AddFavoriteCategoryVC.swift in Sources */ = {isa = PBXBuildFile; fileRef = A3030CE11C8C722E00134CCA /* AddFavoriteCategoryVC.swift */; };
		A31C49EA1C95B85600232775 /* AddFavoriteItemVC.swift in Sources */ = {isa = PBXBuildFile; fileRef = A31C49E91C95B85600232775 /* AddFavoriteItemVC.swift */; };
		A3A49C871ECF009B00C97CED /* SVProgressHUD.framework in Frameworks */ = {isa = PBXBuildFile; fileRef = A3A49C861ECF009B00C97CED /* SVProgressHUD.framework */; };
		A3C9C71A1C7873980091CAB5 /* AppDelegate.swift in Sources */ = {isa = PBXBuildFile; fileRef = A3C9C7191C7873980091CAB5 /* AppDelegate.swift */; };
		A3C9C71C1C7873980091CAB5 /* ViewController.swift in Sources */ = {isa = PBXBuildFile; fileRef = A3C9C71B1C7873980091CAB5 /* ViewController.swift */; };
		A3C9C71F1C7873980091CAB5 /* Main.storyboard in Resources */ = {isa = PBXBuildFile; fileRef = A3C9C71D1C7873980091CAB5 /* Main.storyboard */; };
		A3C9C7211C7873980091CAB5 /* Assets.xcassets in Resources */ = {isa = PBXBuildFile; fileRef = A3C9C7201C7873980091CAB5 /* Assets.xcassets */; };
		A3C9C72D1C7949A70091CAB5 /* BaseVC.swift in Sources */ = {isa = PBXBuildFile; fileRef = A3C9C72C1C7949A70091CAB5 /* BaseVC.swift */; };
		A3C9C72F1C7949C50091CAB5 /* BaseTVC.swift in Sources */ = {isa = PBXBuildFile; fileRef = A3C9C72E1C7949C50091CAB5 /* BaseTVC.swift */; };
		A3C9C7311C7949E50091CAB5 /* BaseNavigationController.swift in Sources */ = {isa = PBXBuildFile; fileRef = A3C9C7301C7949E50091CAB5 /* BaseNavigationController.swift */; };
		A3C9C7351C794C950091CAB5 /* FavoriteHomeVC.swift in Sources */ = {isa = PBXBuildFile; fileRef = A3C9C7341C794C950091CAB5 /* FavoriteHomeVC.swift */; };
		CC7EE88F8CDD1BE0AEA7340E /* Pods_Favorites.framework in Frameworks */ = {isa = PBXBuildFile; fileRef = 2B97A79BCA5A5F008DCF2664 /* Pods_Favorites.framework */; };
/* End PBXBuildFile section */

/* Begin PBXFileReference section */
		0F7BB3791CE6303500D6C73C /* HYNoResultsView.h */ = {isa = PBXFileReference; fileEncoding = 4; lastKnownFileType = sourcecode.c.h; path = HYNoResultsView.h; sourceTree = "<group>"; };
		0F7BB37A1CE6303500D6C73C /* HYNoResultsView.m */ = {isa = PBXFileReference; fileEncoding = 4; lastKnownFileType = sourcecode.c.objc; path = HYNoResultsView.m; sourceTree = "<group>"; };
		0F7BB37D1CE7231100D6C73C /* LogicBus.swift */ = {isa = PBXFileReference; fileEncoding = 4; lastKnownFileType = sourcecode.swift; path = LogicBus.swift; sourceTree = "<group>"; };
		0F7BB37F1CE7235500D6C73C /* HomeLogic.swift */ = {isa = PBXFileReference; fileEncoding = 4; lastKnownFileType = sourcecode.swift; path = HomeLogic.swift; sourceTree = "<group>"; };
		0F7BB3811CE736E400D6C73C /* GroupDetailLogic.swift */ = {isa = PBXFileReference; fileEncoding = 4; lastKnownFileType = sourcecode.swift; path = GroupDetailLogic.swift; sourceTree = "<group>"; };
		0F883FAD1ECFCB7A00947462 /* ReactiveCocoa.framework */ = {isa = PBXFileReference; lastKnownFileType = wrapper.framework; name = ReactiveCocoa.framework; path = Carthage/Build/iOS/ReactiveCocoa.framework; sourceTree = "<group>"; };
		0F883FAE1ECFCB7A00947462 /* ReactiveSwift.framework */ = {isa = PBXFileReference; lastKnownFileType = wrapper.framework; name = ReactiveSwift.framework; path = Carthage/Build/iOS/ReactiveSwift.framework; sourceTree = "<group>"; };
		0F883FAF1ECFCB7A00947462 /* Result.framework */ = {isa = PBXFileReference; lastKnownFileType = wrapper.framework; name = Result.framework; path = Carthage/Build/iOS/Result.framework; sourceTree = "<group>"; };
		0F883FB61ED0145000947462 /* Base */ = {isa = PBXFileReference; lastKnownFileType = text.plist.strings; name = Base; path = Base.lproj/Localizable.strings; sourceTree = "<group>"; };
		0FA2BE8D1C9CF7EB0095CA45 /* FavoriteCell.swift */ = {isa = PBXFileReference; fileEncoding = 4; lastKnownFileType = sourcecode.swift; path = FavoriteCell.swift; sourceTree = "<group>"; };
		0FA2BE8F1C9CFC820095CA45 /* FavoriteDetailVC.swift */ = {isa = PBXFileReference; fileEncoding = 4; lastKnownFileType = sourcecode.swift; name = FavoriteDetailVC.swift; path = Favorites/VC/FavoriteGroupDetailVC/FavoriteDetailVC.swift; sourceTree = SOURCE_ROOT; };
		0FA724A91CE4C96D00557725 /* Favorites-Bridging-Header.h */ = {isa = PBXFileReference; lastKnownFileType = sourcecode.c.h; name = "Favorites-Bridging-Header.h"; path = "Cache/Favorites-Bridging-Header.h"; sourceTree = "<group>"; };
		0FA724AA1CE4C96E00557725 /* CacheBus.h */ = {isa = PBXFileReference; fileEncoding = 4; lastKnownFileType = sourcecode.c.h; path = CacheBus.h; sourceTree = "<group>"; };
		0FA724AB1CE4C96E00557725 /* CacheBus.m */ = {isa = PBXFileReference; fileEncoding = 4; lastKnownFileType = sourcecode.c.objc; path = CacheBus.m; sourceTree = "<group>"; };
		0FA724AD1CE4C98800557725 /* CacheBase.h */ = {isa = PBXFileReference; fileEncoding = 4; lastKnownFileType = sourcecode.c.h; path = CacheBase.h; sourceTree = "<group>"; };
		0FA724AE1CE4C98800557725 /* CacheBase.m */ = {isa = PBXFileReference; fileEncoding = 4; lastKnownFileType = sourcecode.c.objc; path = CacheBase.m; sourceTree = "<group>"; };
		0FA724B01CE4C9B500557725 /* CacheCategory.h */ = {isa = PBXFileReference; fileEncoding = 4; lastKnownFileType = sourcecode.c.h; path = CacheCategory.h; sourceTree = "<group>"; };
		0FA724B11CE4C9B500557725 /* CacheCategory.m */ = {isa = PBXFileReference; fileEncoding = 4; lastKnownFileType = sourcecode.c.objc; path = CacheCategory.m; sourceTree = "<group>"; };
		0FA724B31CE4C9C800557725 /* CacheFavorite.h */ = {isa = PBXFileReference; fileEncoding = 4; lastKnownFileType = sourcecode.c.h; path = CacheFavorite.h; sourceTree = "<group>"; };
		0FA724B41CE4C9C800557725 /* CacheFavorite.m */ = {isa = PBXFileReference; fileEncoding = 4; lastKnownFileType = sourcecode.c.objc; path = CacheFavorite.m; sourceTree = "<group>"; };
		0FA724B71CE4CC3C00557725 /* kDefine.h */ = {isa = PBXFileReference; lastKnownFileType = sourcecode.c.h; path = kDefine.h; sourceTree = "<group>"; };
		2B97A79BCA5A5F008DCF2664 /* Pods_Favorites.framework */ = {isa = PBXFileReference; explicitFileType = wrapper.framework; includeInIndex = 0; path = Pods_Favorites.framework; sourceTree = BUILT_PRODUCTS_DIR; };
		75A9A091F52A6AB0358CD928 /* Pods-Favorites.debug.xcconfig */ = {isa = PBXFileReference; includeInIndex = 1; lastKnownFileType = text.xcconfig; name = "Pods-Favorites.debug.xcconfig"; path = "Pods/Target Support Files/Pods-Favorites/Pods-Favorites.debug.xcconfig"; sourceTree = "<group>"; };
		7F49896C53F49368EA835061 /* Pods-Favorites.release.xcconfig */ = {isa = PBXFileReference; includeInIndex = 1; lastKnownFileType = text.xcconfig; name = "Pods-Favorites.release.xcconfig"; path = "Pods/Target Support Files/Pods-Favorites/Pods-Favorites.release.xcconfig"; sourceTree = "<group>"; };
		A3030CCD1C8BD7F500134CCA /* GroupCell.swift */ = {isa = PBXFileReference; fileEncoding = 4; lastKnownFileType = sourcecode.swift; path = GroupCell.swift; sourceTree = "<group>"; };
		A3030CD01C8BE4EF00134CCA /* FavoriteGroupDetailVC.swift */ = {isa = PBXFileReference; fileEncoding = 4; lastKnownFileType = sourcecode.swift; path = FavoriteGroupDetailVC.swift; sourceTree = "<group>"; };
		A3030CD31C8BE78100134CCA /* Favorite.swift */ = {isa = PBXFileReference; fileEncoding = 4; lastKnownFileType = sourcecode.swift; path = Favorite.swift; sourceTree = "<group>"; };
		A3030CDE1C8C3F3C00134CCA /* FavoriteCategory.swift */ = {isa = PBXFileReference; fileEncoding = 4; lastKnownFileType = sourcecode.swift; path = FavoriteCategory.swift; sourceTree = "<group>"; };
		A3030CE11C8C722E00134CCA /* AddFavoriteCategoryVC.swift */ = {isa = PBXFileReference; fileEncoding = 4; lastKnownFileType = sourcecode.swift; path = AddFavoriteCategoryVC.swift; sourceTree = "<group>"; };
		A31C49E91C95B85600232775 /* AddFavoriteItemVC.swift */ = {isa = PBXFileReference; fileEncoding = 4; lastKnownFileType = sourcecode.swift; path = AddFavoriteItemVC.swift; sourceTree = "<group>"; };
		A3A49C861ECF009B00C97CED /* SVProgressHUD.framework */ = {isa = PBXFileReference; lastKnownFileType = wrapper.framework; name = SVProgressHUD.framework; path = Carthage/Build/iOS/SVProgressHUD.framework; sourceTree = "<group>"; };
		A3C9C7161C7873970091CAB5 /* Favorites.app */ = {isa = PBXFileReference; explicitFileType = wrapper.application; includeInIndex = 0; path = Favorites.app; sourceTree = BUILT_PRODUCTS_DIR; };
		A3C9C7191C7873980091CAB5 /* AppDelegate.swift */ = {isa = PBXFileReference; lastKnownFileType = sourcecode.swift; path = AppDelegate.swift; sourceTree = "<group>"; };
		A3C9C71B1C7873980091CAB5 /* ViewController.swift */ = {isa = PBXFileReference; lastKnownFileType = sourcecode.swift; path = ViewController.swift; sourceTree = "<group>"; };
		A3C9C71E1C7873980091CAB5 /* Base */ = {isa = PBXFileReference; lastKnownFileType = file.storyboard; name = Base; path = Base.lproj/Main.storyboard; sourceTree = "<group>"; };
		A3C9C7201C7873980091CAB5 /* Assets.xcassets */ = {isa = PBXFileReference; lastKnownFileType = folder.assetcatalog; path = Assets.xcassets; sourceTree = "<group>"; };
		A3C9C7251C7873980091CAB5 /* Info.plist */ = {isa = PBXFileReference; lastKnownFileType = text.plist.xml; path = Info.plist; sourceTree = "<group>"; };
		A3C9C72C1C7949A70091CAB5 /* BaseVC.swift */ = {isa = PBXFileReference; fileEncoding = 4; lastKnownFileType = sourcecode.swift; path = BaseVC.swift; sourceTree = "<group>"; };
		A3C9C72E1C7949C50091CAB5 /* BaseTVC.swift */ = {isa = PBXFileReference; fileEncoding = 4; lastKnownFileType = sourcecode.swift; path = BaseTVC.swift; sourceTree = "<group>"; };
		A3C9C7301C7949E50091CAB5 /* BaseNavigationController.swift */ = {isa = PBXFileReference; fileEncoding = 4; lastKnownFileType = sourcecode.swift; path = BaseNavigationController.swift; sourceTree = "<group>"; };
		A3C9C7341C794C950091CAB5 /* FavoriteHomeVC.swift */ = {isa = PBXFileReference; fileEncoding = 4; lastKnownFileType = sourcecode.swift; path = FavoriteHomeVC.swift; sourceTree = "<group>"; };
/* End PBXFileReference section */

/* Begin PBXFrameworksBuildPhase section */
		A3C9C7131C7873970091CAB5 /* Frameworks */ = {
			isa = PBXFrameworksBuildPhase;
			buildActionMask = 2147483647;
			files = (
				0F883FB01ECFCB7A00947462 /* ReactiveCocoa.framework in Frameworks */,
				0F883FB11ECFCB7A00947462 /* ReactiveSwift.framework in Frameworks */,
				0F883FB21ECFCB7A00947462 /* Result.framework in Frameworks */,
				A3A49C871ECF009B00C97CED /* SVProgressHUD.framework in Frameworks */,
				CC7EE88F8CDD1BE0AEA7340E /* Pods_Favorites.framework in Frameworks */,
			);
			runOnlyForDeploymentPostprocessing = 0;
		};
/* End PBXFrameworksBuildPhase section */

/* Begin PBXGroup section */
		0F0DF1F01CE77C50009AD31E /* Vendor */ = {
			isa = PBXGroup;
			children = (
			);
			path = Vendor;
			sourceTree = "<group>";
		};
		0F7BB37C1CE722E600D6C73C /* Logic */ = {
			isa = PBXGroup;
			children = (
				0F7BB37D1CE7231100D6C73C /* LogicBus.swift */,
				0F7BB37F1CE7235500D6C73C /* HomeLogic.swift */,
				0F7BB3811CE736E400D6C73C /* GroupDetailLogic.swift */,
			);
			path = Logic;
			sourceTree = "<group>";
		};
		0FA724B61CE4CBFB00557725 /* Utils */ = {
			isa = PBXGroup;
			children = (
				0F7BB3791CE6303500D6C73C /* HYNoResultsView.h */,
				0F7BB37A1CE6303500D6C73C /* HYNoResultsView.m */,
				0FA724B71CE4CC3C00557725 /* kDefine.h */,
			);
			path = Utils;
			sourceTree = "<group>";
		};
		A20FA4F47F08C6685F2704EB /* Frameworks */ = {
			isa = PBXGroup;
			children = (
				0F883FAD1ECFCB7A00947462 /* ReactiveCocoa.framework */,
				0F883FAE1ECFCB7A00947462 /* ReactiveSwift.framework */,
				0F883FAF1ECFCB7A00947462 /* Result.framework */,
				A3A49C861ECF009B00C97CED /* SVProgressHUD.framework */,
				2B97A79BCA5A5F008DCF2664 /* Pods_Favorites.framework */,
			);
			name = Frameworks;
			sourceTree = "<group>";
		};
		A3030CCF1C8BE08400134CCA /* FavoriteGroupDetailVC */ = {
			isa = PBXGroup;
			children = (
				A3030CD01C8BE4EF00134CCA /* FavoriteGroupDetailVC.swift */,
				0FA2BE8D1C9CF7EB0095CA45 /* FavoriteCell.swift */,
			);
			path = FavoriteGroupDetailVC;
			sourceTree = "<group>";
		};
		A3030CD21C8BE6E600134CCA /* Model */ = {
			isa = PBXGroup;
			children = (
				A3030CD31C8BE78100134CCA /* Favorite.swift */,
				A3030CDE1C8C3F3C00134CCA /* FavoriteCategory.swift */,
			);
			path = Model;
			sourceTree = "<group>";
		};
		A3030CD51C8C1A5600134CCA /* Cache */ = {
			isa = PBXGroup;
			children = (
				0FA724AA1CE4C96E00557725 /* CacheBus.h */,
				0FA724AB1CE4C96E00557725 /* CacheBus.m */,
				0FA724AD1CE4C98800557725 /* CacheBase.h */,
				0FA724AE1CE4C98800557725 /* CacheBase.m */,
				0FA724B01CE4C9B500557725 /* CacheCategory.h */,
				0FA724B11CE4C9B500557725 /* CacheCategory.m */,
				0FA724B31CE4C9C800557725 /* CacheFavorite.h */,
				0FA724B41CE4C9C800557725 /* CacheFavorite.m */,
			);
			path = Cache;
			sourceTree = "<group>";
		};
		A3030CE01C8C720A00134CCA /* AddFavoriteItemVC */ = {
			isa = PBXGroup;
			children = (
				A3030CE11C8C722E00134CCA /* AddFavoriteCategoryVC.swift */,
				A31C49E91C95B85600232775 /* AddFavoriteItemVC.swift */,
			);
			path = AddFavoriteItemVC;
			sourceTree = "<group>";
		};
		A31C49EB1C95BB7500232775 /* FavoriteDetail */ = {
			isa = PBXGroup;
			children = (
				0FA2BE8F1C9CFC820095CA45 /* FavoriteDetailVC.swift */,
			);
			path = FavoriteDetail;
			sourceTree = "<group>";
		};
		A3C9C70D1C7873970091CAB5 = {
			isa = PBXGroup;
			children = (
				A3C9C7181C7873970091CAB5 /* Favorites */,
				A3C9C7171C7873970091CAB5 /* Products */,
				ADF2735E3122895222A5A50E /* Pods */,
				A20FA4F47F08C6685F2704EB /* Frameworks */,
			);
			sourceTree = "<group>";
		};
		A3C9C7171C7873970091CAB5 /* Products */ = {
			isa = PBXGroup;
			children = (
				A3C9C7161C7873970091CAB5 /* Favorites.app */,
			);
			name = Products;
			sourceTree = "<group>";
		};
		A3C9C7181C7873970091CAB5 /* Favorites */ = {
			isa = PBXGroup;
			children = (
				0F0DF1F01CE77C50009AD31E /* Vendor */,
				0F7BB37C1CE722E600D6C73C /* Logic */,
				0FA724B61CE4CBFB00557725 /* Utils */,
				A3030CD51C8C1A5600134CCA /* Cache */,
				A3030CD21C8BE6E600134CCA /* Model */,
				A3C9C7321C794C610091CAB5 /* VC */,
				A3C9C72B1C79498D0091CAB5 /* Base */,
				A3C9C7191C7873980091CAB5 /* AppDelegate.swift */,
				A3C9C71B1C7873980091CAB5 /* ViewController.swift */,
				0FA724A91CE4C96D00557725 /* Favorites-Bridging-Header.h */,
				A3C9C71D1C7873980091CAB5 /* Main.storyboard */,
				A3C9C7201C7873980091CAB5 /* Assets.xcassets */,
				A3C9C7251C7873980091CAB5 /* Info.plist */,
				0F883FB71ED0145000947462 /* Localizable.strings */,
			);
			path = Favorites;
			sourceTree = "<group>";
		};
		A3C9C72B1C79498D0091CAB5 /* Base */ = {
			isa = PBXGroup;
			children = (
				A3C9C72C1C7949A70091CAB5 /* BaseVC.swift */,
				A3C9C72E1C7949C50091CAB5 /* BaseTVC.swift */,
				A3C9C7301C7949E50091CAB5 /* BaseNavigationController.swift */,
			);
			path = Base;
			sourceTree = "<group>";
		};
		A3C9C7321C794C610091CAB5 /* VC */ = {
			isa = PBXGroup;
			children = (
				A31C49EB1C95BB7500232775 /* FavoriteDetail */,
				A3030CE01C8C720A00134CCA /* AddFavoriteItemVC */,
				A3030CCF1C8BE08400134CCA /* FavoriteGroupDetailVC */,
				A3C9C7331C794C700091CAB5 /* FavoriteHomeVC */,
			);
			path = VC;
			sourceTree = "<group>";
		};
		A3C9C7331C794C700091CAB5 /* FavoriteHomeVC */ = {
			isa = PBXGroup;
			children = (
				A3C9C7341C794C950091CAB5 /* FavoriteHomeVC.swift */,
				A3030CCD1C8BD7F500134CCA /* GroupCell.swift */,
			);
			path = FavoriteHomeVC;
			sourceTree = "<group>";
		};
		ADF2735E3122895222A5A50E /* Pods */ = {
			isa = PBXGroup;
			children = (
				75A9A091F52A6AB0358CD928 /* Pods-Favorites.debug.xcconfig */,
				7F49896C53F49368EA835061 /* Pods-Favorites.release.xcconfig */,
			);
			name = Pods;
			sourceTree = "<group>";
		};
/* End PBXGroup section */

/* Begin PBXNativeTarget section */
		A3C9C7151C7873970091CAB5 /* Favorites */ = {
			isa = PBXNativeTarget;
			buildConfigurationList = A3C9C7281C7873980091CAB5 /* Build configuration list for PBXNativeTarget "Favorites" */;
			buildPhases = (
				8AA29A6ACEE2BB78C32CA7C9 /* [CP] Check Pods Manifest.lock */,
				A3C9C7121C7873970091CAB5 /* Sources */,
				A3C9C7131C7873970091CAB5 /* Frameworks */,
				A3C9C7141C7873970091CAB5 /* Resources */,
				A3A49C851ECEFF4600C97CED /* ShellScript */,
			);
			buildRules = (
			);
			dependencies = (
			);
			name = Favorites;
			productName = Favorites;
			productReference = A3C9C7161C7873970091CAB5 /* Favorites.app */;
			productType = "com.apple.product-type.application";
		};
/* End PBXNativeTarget section */

/* Begin PBXProject section */
		A3C9C70E1C7873970091CAB5 /* Project object */ = {
			isa = PBXProject;
			attributes = {
				LastSwiftUpdateCheck = 0730;
				LastUpgradeCheck = 1030;
				ORGANIZATIONNAME = "洪毅 郑";
				TargetAttributes = {
					A3C9C7151C7873970091CAB5 = {
						CreatedOnToolsVersion = 7.2;
						DevelopmentTeam = 7T366LQLPX;
						LastSwiftMigration = 0920;
						ProvisioningStyle = Automatic;
					};
				};
			};
			buildConfigurationList = A3C9C7111C7873970091CAB5 /* Build configuration list for PBXProject "Favorites" */;
			compatibilityVersion = "Xcode 3.2";
			developmentRegion = English;
			hasScannedForEncodings = 0;
			knownRegions = (
				English,
				en,
				Base,
			);
			mainGroup = A3C9C70D1C7873970091CAB5;
			productRefGroup = A3C9C7171C7873970091CAB5 /* Products */;
			projectDirPath = "";
			projectRoot = "";
			targets = (
				A3C9C7151C7873970091CAB5 /* Favorites */,
			);
		};
/* End PBXProject section */

/* Begin PBXResourcesBuildPhase section */
		A3C9C7141C7873970091CAB5 /* Resources */ = {
			isa = PBXResourcesBuildPhase;
			buildActionMask = 2147483647;
			files = (
				A3C9C7211C7873980091CAB5 /* Assets.xcassets in Resources */,
				0F883FB51ED0145000947462 /* Localizable.strings in Resources */,
				A3C9C71F1C7873980091CAB5 /* Main.storyboard in Resources */,
			);
			runOnlyForDeploymentPostprocessing = 0;
		};
/* End PBXResourcesBuildPhase section */

/* Begin PBXShellScriptBuildPhase section */
		8AA29A6ACEE2BB78C32CA7C9 /* [CP] Check Pods Manifest.lock */ = {
			isa = PBXShellScriptBuildPhase;
			buildActionMask = 2147483647;
			files = (
			);
			inputPaths = (
				"${PODS_PODFILE_DIR_PATH}/Podfile.lock",
				"${PODS_ROOT}/Manifest.lock",
			);
			name = "[CP] Check Pods Manifest.lock";
			outputPaths = (
				"$(DERIVED_FILE_DIR)/Pods-Favorites-checkManifestLockResult.txt",
			);
			runOnlyForDeploymentPostprocessing = 0;
			shellPath = /bin/sh;
			shellScript = "diff \"${PODS_PODFILE_DIR_PATH}/Podfile.lock\" \"${PODS_ROOT}/Manifest.lock\" > /dev/null\nif [ $? != 0 ] ; then\n    # print error to STDERR\n    echo \"error: The sandbox is not in sync with the Podfile.lock. Run 'pod install' or update your CocoaPods installation.\" >&2\n    exit 1\nfi\n# This output is used by Xcode 'outputs' to avoid re-running this script phase.\necho \"SUCCESS\" > \"${SCRIPT_OUTPUT_FILE_0}\"\n";
			showEnvVarsInLog = 0;
		};
		A3A49C851ECEFF4600C97CED /* ShellScript */ = {
			isa = PBXShellScriptBuildPhase;
			buildActionMask = 2147483647;
			files = (
			);
			inputPaths = (
				"$(SRCROOT)/Carthage/Build/iOS/SVProgressHUD.framework",
				"$(SRCROOT)/Carthage/Build/iOS/ReactiveCocoa.framework",
				"$(SRCROOT)/Carthage/Build/iOS/ReactiveSwift.framework",
				"$(SRCROOT)/Carthage/Build/iOS/Result.framework",
			);
			outputPaths = (
			);
			runOnlyForDeploymentPostprocessing = 0;
			shellPath = /bin/sh;
			shellScript = "/usr/local/bin/carthage copy-frameworks\n";
		};
/* End PBXShellScriptBuildPhase section */

/* Begin PBXSourcesBuildPhase section */
		A3C9C7121C7873970091CAB5 /* Sources */ = {
			isa = PBXSourcesBuildPhase;
			buildActionMask = 2147483647;
			files = (
				0FA724B21CE4C9B500557725 /* CacheCategory.m in Sources */,
				A3030CCE1C8BD7F500134CCA /* GroupCell.swift in Sources */,
				0FA724AF1CE4C98800557725 /* CacheBase.m in Sources */,
				A3C9C72F1C7949C50091CAB5 /* BaseTVC.swift in Sources */,
				A31C49EA1C95B85600232775 /* AddFavoriteItemVC.swift in Sources */,
				A3030CE21C8C722E00134CCA /* AddFavoriteCategoryVC.swift in Sources */,
				0FA724AC1CE4C96E00557725 /* CacheBus.m in Sources */,
				A3C9C71C1C7873980091CAB5 /* ViewController.swift in Sources */,
				A3C9C72D1C7949A70091CAB5 /* BaseVC.swift in Sources */,
				A3C9C7311C7949E50091CAB5 /* BaseNavigationController.swift in Sources */,
				A3C9C71A1C7873980091CAB5 /* AppDelegate.swift in Sources */,
				A3030CD41C8BE78100134CCA /* Favorite.swift in Sources */,
				A3030CDF1C8C3F3C00134CCA /* FavoriteCategory.swift in Sources */,
				0F7BB37E1CE7231100D6C73C /* LogicBus.swift in Sources */,
				0F7BB37B1CE6303500D6C73C /* HYNoResultsView.m in Sources */,
				A3C9C7351C794C950091CAB5 /* FavoriteHomeVC.swift in Sources */,
				0FA2BE901C9CFC820095CA45 /* FavoriteDetailVC.swift in Sources */,
				A3030CD11C8BE4EF00134CCA /* FavoriteGroupDetailVC.swift in Sources */,
				0F7BB3801CE7235500D6C73C /* HomeLogic.swift in Sources */,
				0F7BB3821CE736E400D6C73C /* GroupDetailLogic.swift in Sources */,
				0FA724B51CE4C9C800557725 /* CacheFavorite.m in Sources */,
				0FA2BE8E1C9CF7EB0095CA45 /* FavoriteCell.swift in Sources */,
			);
			runOnlyForDeploymentPostprocessing = 0;
		};
/* End PBXSourcesBuildPhase section */

/* Begin PBXVariantGroup section */
		0F883FB71ED0145000947462 /* Localizable.strings */ = {
			isa = PBXVariantGroup;
			children = (
				0F883FB61ED0145000947462 /* Base */,
			);
			name = Localizable.strings;
			sourceTree = "<group>";
		};
		A3C9C71D1C7873980091CAB5 /* Main.storyboard */ = {
			isa = PBXVariantGroup;
			children = (
				A3C9C71E1C7873980091CAB5 /* Base */,
			);
			name = Main.storyboard;
			sourceTree = "<group>";
		};
/* End PBXVariantGroup section */

/* Begin XCBuildConfiguration section */
		A3C9C7261C7873980091CAB5 /* Debug */ = {
			isa = XCBuildConfiguration;
			buildSettings = {
				ALWAYS_EMBED_SWIFT_STANDARD_LIBRARIES = YES;
				ALWAYS_SEARCH_USER_PATHS = NO;
				CLANG_ANALYZER_LOCALIZABILITY_NONLOCALIZED = YES;
				CLANG_CXX_LANGUAGE_STANDARD = "gnu++0x";
				CLANG_CXX_LIBRARY = "libc++";
				CLANG_ENABLE_MODULES = YES;
				CLANG_ENABLE_OBJC_ARC = YES;
				CLANG_WARN_BLOCK_CAPTURE_AUTORELEASING = YES;
				CLANG_WARN_BOOL_CONVERSION = YES;
				CLANG_WARN_COMMA = YES;
				CLANG_WARN_CONSTANT_CONVERSION = YES;
				CLANG_WARN_DEPRECATED_OBJC_IMPLEMENTATIONS = YES;
				CLANG_WARN_DIRECT_OBJC_ISA_USAGE = YES_ERROR;
				CLANG_WARN_EMPTY_BODY = YES;
				CLANG_WARN_ENUM_CONVERSION = YES;
				CLANG_WARN_INFINITE_RECURSION = YES;
				CLANG_WARN_INT_CONVERSION = YES;
				CLANG_WARN_NON_LITERAL_NULL_CONVERSION = YES;
				CLANG_WARN_OBJC_IMPLICIT_RETAIN_SELF = YES;
				CLANG_WARN_OBJC_LITERAL_CONVERSION = YES;
				CLANG_WARN_OBJC_ROOT_CLASS = YES_ERROR;
				CLANG_WARN_RANGE_LOOP_ANALYSIS = YES;
				CLANG_WARN_STRICT_PROTOTYPES = YES;
				CLANG_WARN_SUSPICIOUS_MOVE = YES;
				CLANG_WARN_UNREACHABLE_CODE = YES;
				CLANG_WARN__DUPLICATE_METHOD_MATCH = YES;
				CODE_SIGN_IDENTITY = "iPhone Developer";
				"CODE_SIGN_IDENTITY[sdk=iphoneos*]" = "iPhone Developer";
				COPY_PHASE_STRIP = NO;
				DEBUG_INFORMATION_FORMAT = dwarf;
				ENABLE_STRICT_OBJC_MSGSEND = YES;
				ENABLE_TESTABILITY = YES;
				GCC_C_LANGUAGE_STANDARD = gnu99;
				GCC_DYNAMIC_NO_PIC = NO;
				GCC_NO_COMMON_BLOCKS = YES;
				GCC_OPTIMIZATION_LEVEL = 0;
				GCC_PREPROCESSOR_DEFINITIONS = (
					"DEBUG=1",
					"$(inherited)",
				);
				GCC_WARN_64_TO_32_BIT_CONVERSION = YES;
				GCC_WARN_ABOUT_RETURN_TYPE = YES_ERROR;
				GCC_WARN_UNDECLARED_SELECTOR = YES;
				GCC_WARN_UNINITIALIZED_AUTOS = YES_AGGRESSIVE;
				GCC_WARN_UNUSED_FUNCTION = YES;
				GCC_WARN_UNUSED_VARIABLE = YES;
				IPHONEOS_DEPLOYMENT_TARGET = 9.2;
				MTL_ENABLE_DEBUG_INFO = YES;
				ONLY_ACTIVE_ARCH = YES;
				SDKROOT = iphoneos;
				SWIFT_OPTIMIZATION_LEVEL = "-Onone";
			};
			name = Debug;
		};
		A3C9C7271C7873980091CAB5 /* Release */ = {
			isa = XCBuildConfiguration;
			buildSettings = {
				ALWAYS_EMBED_SWIFT_STANDARD_LIBRARIES = YES;
				ALWAYS_SEARCH_USER_PATHS = NO;
				CLANG_ANALYZER_LOCALIZABILITY_NONLOCALIZED = YES;
				CLANG_CXX_LANGUAGE_STANDARD = "gnu++0x";
				CLANG_CXX_LIBRARY = "libc++";
				CLANG_ENABLE_MODULES = YES;
				CLANG_ENABLE_OBJC_ARC = YES;
				CLANG_WARN_BLOCK_CAPTURE_AUTORELEASING = YES;
				CLANG_WARN_BOOL_CONVERSION = YES;
				CLANG_WARN_COMMA = YES;
				CLANG_WARN_CONSTANT_CONVERSION = YES;
				CLANG_WARN_DEPRECATED_OBJC_IMPLEMENTATIONS = YES;
				CLANG_WARN_DIRECT_OBJC_ISA_USAGE = YES_ERROR;
				CLANG_WARN_EMPTY_BODY = YES;
				CLANG_WARN_ENUM_CONVERSION = YES;
				CLANG_WARN_INFINITE_RECURSION = YES;
				CLANG_WARN_INT_CONVERSION = YES;
				CLANG_WARN_NON_LITERAL_NULL_CONVERSION = YES;
				CLANG_WARN_OBJC_IMPLICIT_RETAIN_SELF = YES;
				CLANG_WARN_OBJC_LITERAL_CONVERSION = YES;
				CLANG_WARN_OBJC_ROOT_CLASS = YES_ERROR;
				CLANG_WARN_RANGE_LOOP_ANALYSIS = YES;
				CLANG_WARN_STRICT_PROTOTYPES = YES;
				CLANG_WARN_SUSPICIOUS_MOVE = YES;
				CLANG_WARN_UNREACHABLE_CODE = YES;
				CLANG_WARN__DUPLICATE_METHOD_MATCH = YES;
				CODE_SIGN_IDENTITY = "iPhone Developer";
				"CODE_SIGN_IDENTITY[sdk=iphoneos*]" = "iPhone Developer";
				COPY_PHASE_STRIP = NO;
				DEBUG_INFORMATION_FORMAT = "dwarf-with-dsym";
				ENABLE_NS_ASSERTIONS = NO;
				ENABLE_STRICT_OBJC_MSGSEND = YES;
				GCC_C_LANGUAGE_STANDARD = gnu99;
				GCC_NO_COMMON_BLOCKS = YES;
				GCC_WARN_64_TO_32_BIT_CONVERSION = YES;
				GCC_WARN_ABOUT_RETURN_TYPE = YES_ERROR;
				GCC_WARN_UNDECLARED_SELECTOR = YES;
				GCC_WARN_UNINITIALIZED_AUTOS = YES_AGGRESSIVE;
				GCC_WARN_UNUSED_FUNCTION = YES;
				GCC_WARN_UNUSED_VARIABLE = YES;
				IPHONEOS_DEPLOYMENT_TARGET = 9.2;
				MTL_ENABLE_DEBUG_INFO = NO;
				SDKROOT = iphoneos;
				SWIFT_OPTIMIZATION_LEVEL = "-Owholemodule";
				VALIDATE_PRODUCT = YES;
			};
			name = Release;
		};
		A3C9C7291C7873980091CAB5 /* Debug */ = {
			isa = XCBuildConfiguration;
			baseConfigurationReference = 75A9A091F52A6AB0358CD928 /* Pods-Favorites.debug.xcconfig */;
			buildSettings = {
				ALWAYS_EMBED_SWIFT_STANDARD_LIBRARIES = YES;
				ASSETCATALOG_COMPILER_APPICON_NAME = AppIcon;
				ASSETCATALOG_COMPILER_LAUNCHIMAGE_NAME = LaunchImage;
				CLANG_ENABLE_MODULES = YES;
				CODE_SIGN_IDENTITY = "iPhone Distribution: ZHENG HONGYI (7T366LQLPX)";
				"CODE_SIGN_IDENTITY[sdk=iphoneos*]" = "iPhone Developer";
				DEFINES_MODULE = YES;
				DEVELOPMENT_TEAM = 7T366LQLPX;
				FRAMEWORK_SEARCH_PATHS = (
					"$(inherited)",
					"$(PROJECT_DIR)/Carthage/Build/iOS",
				);
				INFOPLIST_FILE = Favorites/Info.plist;
				IPHONEOS_DEPLOYMENT_TARGET = 10.0;
				LD_RUNPATH_SEARCH_PATHS = "$(inherited) @executable_path/Frameworks";
				LIBRARY_SEARCH_PATHS = (
					"$(inherited)",
					"$(PROJECT_DIR)/Favorites/Vendor/UMAnalysis3.6.6.0",
				);
				PRODUCT_BUNDLE_IDENTIFIER = com.eworld.favorite;
				PRODUCT_NAME = "$(TARGET_NAME)";
				PROVISIONING_PROFILE = "";
				PROVISIONING_PROFILE_SPECIFIER = "";
				SWIFT_OBJC_BRIDGING_HEADER = "Favorites/Cache/Favorites-Bridging-Header.h";
				SWIFT_OPTIMIZATION_LEVEL = "-Onone";
				SWIFT_SWIFT3_OBJC_INFERENCE = On;
				SWIFT_VERSION = 5.0;
			};
			name = Debug;
		};
		A3C9C72A1C7873980091CAB5 /* Release */ = {
			isa = XCBuildConfiguration;
			baseConfigurationReference = 7F49896C53F49368EA835061 /* Pods-Favorites.release.xcconfig */;
			buildSettings = {
				ALWAYS_EMBED_SWIFT_STANDARD_LIBRARIES = YES;
				ASSETCATALOG_COMPILER_APPICON_NAME = AppIcon;
				ASSETCATALOG_COMPILER_LAUNCHIMAGE_NAME = LaunchImage;
				CLANG_ENABLE_MODULES = YES;
				CODE_SIGN_IDENTITY = "iPhone Distribution: ZHENG HONGYI (7T366LQLPX)";
				"CODE_SIGN_IDENTITY[sdk=iphoneos*]" = "iPhone Developer";
				DEFINES_MODULE = YES;
				DEVELOPMENT_TEAM = 7T366LQLPX;
				FRAMEWORK_SEARCH_PATHS = (
					"$(inherited)",
					"$(PROJECT_DIR)/Carthage/Build/iOS",
				);
				INFOPLIST_FILE = Favorites/Info.plist;
				IPHONEOS_DEPLOYMENT_TARGET = 10.0;
				LD_RUNPATH_SEARCH_PATHS = "$(inherited) @executable_path/Frameworks";
				LIBRARY_SEARCH_PATHS = (
					"$(inherited)",
					"$(PROJECT_DIR)/Favorites/Vendor/UMAnalysis3.6.6.0",
				);
				PRODUCT_BUNDLE_IDENTIFIER = com.eworld.favorite;
				PRODUCT_NAME = "$(TARGET_NAME)";
				PROVISIONING_PROFILE = "";
				PROVISIONING_PROFILE_SPECIFIER = "";
				SWIFT_OBJC_BRIDGING_HEADER = "Favorites/Cache/Favorites-Bridging-Header.h";
				SWIFT_SWIFT3_OBJC_INFERENCE = On;
				SWIFT_VERSION = 5.0;
			};
			name = Release;
		};
/* End XCBuildConfiguration section */

/* Begin XCConfigurationList section */
		A3C9C7111C7873970091CAB5 /* Build configuration list for PBXProject "Favorites" */ = {
			isa = XCConfigurationList;
			buildConfigurations = (
				A3C9C7261C7873980091CAB5 /* Debug */,
				A3C9C7271C7873980091CAB5 /* Release */,
			);
			defaultConfigurationIsVisible = 0;
			defaultConfigurationName = Release;
		};
		A3C9C7281C7873980091CAB5 /* Build configuration list for PBXNativeTarget "Favorites" */ = {
			isa = XCConfigurationList;
			buildConfigurations = (
				A3C9C7291C7873980091CAB5 /* Debug */,
				A3C9C72A1C7873980091CAB5 /* Release */,
			);
			defaultConfigurationIsVisible = 0;
			defaultConfigurationName = Release;
		};
/* End XCConfigurationList section */
	};
	rootObject = A3C9C70E1C7873970091CAB5 /* Project object */;
}
