// !$*UTF8*$!
{
	archiveVersion = 1;
	classes = {
	};
	objectVersion = 46;
	objects = {

/* Begin PBXBuildFile section */
		A3030CCE1C8BD7F500134CCA /* GroupCell.swift in Sources */ = {isa = PBXBuildFile; fileRef = A3030CCD1C8BD7F500134CCA /* GroupCell.swift */; };
		A3030CD11C8BE4EF00134CCA /* FavoriteGroupDetailVC.swift in Sources */ = {isa = PBXBuildFile; fileRef = A3030CD01C8BE4EF00134CCA /* FavoriteGroupDetailVC.swift */; };
		A3030CD41C8BE78100134CCA /* Favorite.swift in Sources */ = {isa = PBXBuildFile; fileRef = A3030CD31C8BE78100134CCA /* Favorite.swift */; };
		A3030CD71C8C1A7400134CCA /* BaseCache.swift in Sources */ = {isa = PBXBuildFile; fileRef = A3030CD61C8C1A7400134CCA /* BaseCache.swift */; };
		A3030CD91C8C1C9D00134CCA /* CacheBus.swift in Sources */ = {isa = PBXBuildFile; fileRef = A3030CD81C8C1C9D00134CCA /* CacheBus.swift */; };
		A3030CDB1C8C1CB600134CCA /* CacheFavorite.swift in Sources */ = {isa = PBXBuildFile; fileRef = A3030CDA1C8C1CB600134CCA /* CacheFavorite.swift */; };
		A3030CDD1C8C3D8000134CCA /* CacheCategory.swift in Sources */ = {isa = PBXBuildFile; fileRef = A3030CDC1C8C3D8000134CCA /* CacheCategory.swift */; };
		A3030CDF1C8C3F3C00134CCA /* FavoriteCategory.swift in Sources */ = {isa = PBXBuildFile; fileRef = A3030CDE1C8C3F3C00134CCA /* FavoriteCategory.swift */; };
		A3030CE21C8C722E00134CCA /* AddFavoriteCategoryVC.swift in Sources */ = {isa = PBXBuildFile; fileRef = A3030CE11C8C722E00134CCA /* AddFavoriteCategoryVC.swift */; };
		A31C49EA1C95B85600232775 /* AddFavoriteItemVC.swift in Sources */ = {isa = PBXBuildFile; fileRef = A31C49E91C95B85600232775 /* AddFavoriteItemVC.swift */; };
		A3C9C71A1C7873980091CAB5 /* AppDelegate.swift in Sources */ = {isa = PBXBuildFile; fileRef = A3C9C7191C7873980091CAB5 /* AppDelegate.swift */; };
		A3C9C71C1C7873980091CAB5 /* ViewController.swift in Sources */ = {isa = PBXBuildFile; fileRef = A3C9C71B1C7873980091CAB5 /* ViewController.swift */; };
		A3C9C71F1C7873980091CAB5 /* Main.storyboard in Resources */ = {isa = PBXBuildFile; fileRef = A3C9C71D1C7873980091CAB5 /* Main.storyboard */; };
		A3C9C7211C7873980091CAB5 /* Assets.xcassets in Resources */ = {isa = PBXBuildFile; fileRef = A3C9C7201C7873980091CAB5 /* Assets.xcassets */; };
		A3C9C7241C7873980091CAB5 /* LaunchScreen.storyboard in Resources */ = {isa = PBXBuildFile; fileRef = A3C9C7221C7873980091CAB5 /* LaunchScreen.storyboard */; };
		A3C9C72D1C7949A70091CAB5 /* BaseVC.swift in Sources */ = {isa = PBXBuildFile; fileRef = A3C9C72C1C7949A70091CAB5 /* BaseVC.swift */; };
		A3C9C72F1C7949C50091CAB5 /* BaseTVC.swift in Sources */ = {isa = PBXBuildFile; fileRef = A3C9C72E1C7949C50091CAB5 /* BaseTVC.swift */; };
		A3C9C7311C7949E50091CAB5 /* BaseNavigationController.swift in Sources */ = {isa = PBXBuildFile; fileRef = A3C9C7301C7949E50091CAB5 /* BaseNavigationController.swift */; };
		A3C9C7351C794C950091CAB5 /* FavoriteHomeVC.swift in Sources */ = {isa = PBXBuildFile; fileRef = A3C9C7341C794C950091CAB5 /* FavoriteHomeVC.swift */; };
/* End PBXBuildFile section */

/* Begin PBXFileReference section */
		A3030CCD1C8BD7F500134CCA /* GroupCell.swift */ = {isa = PBXFileReference; fileEncoding = 4; lastKnownFileType = sourcecode.swift; path = GroupCell.swift; sourceTree = "<group>"; };
		A3030CD01C8BE4EF00134CCA /* FavoriteGroupDetailVC.swift */ = {isa = PBXFileReference; fileEncoding = 4; lastKnownFileType = sourcecode.swift; path = FavoriteGroupDetailVC.swift; sourceTree = "<group>"; };
		A3030CD31C8BE78100134CCA /* Favorite.swift */ = {isa = PBXFileReference; fileEncoding = 4; lastKnownFileType = sourcecode.swift; path = Favorite.swift; sourceTree = "<group>"; };
		A3030CD61C8C1A7400134CCA /* BaseCache.swift */ = {isa = PBXFileReference; fileEncoding = 4; lastKnownFileType = sourcecode.swift; path = BaseCache.swift; sourceTree = "<group>"; };
		A3030CD81C8C1C9D00134CCA /* CacheBus.swift */ = {isa = PBXFileReference; fileEncoding = 4; lastKnownFileType = sourcecode.swift; path = CacheBus.swift; sourceTree = "<group>"; };
		A3030CDA1C8C1CB600134CCA /* CacheFavorite.swift */ = {isa = PBXFileReference; fileEncoding = 4; lastKnownFileType = sourcecode.swift; path = CacheFavorite.swift; sourceTree = "<group>"; };
		A3030CDC1C8C3D8000134CCA /* CacheCategory.swift */ = {isa = PBXFileReference; fileEncoding = 4; lastKnownFileType = sourcecode.swift; path = CacheCategory.swift; sourceTree = "<group>"; };
		A3030CDE1C8C3F3C00134CCA /* FavoriteCategory.swift */ = {isa = PBXFileReference; fileEncoding = 4; lastKnownFileType = sourcecode.swift; path = FavoriteCategory.swift; sourceTree = "<group>"; };
		A3030CE11C8C722E00134CCA /* AddFavoriteCategoryVC.swift */ = {isa = PBXFileReference; fileEncoding = 4; lastKnownFileType = sourcecode.swift; path = AddFavoriteCategoryVC.swift; sourceTree = "<group>"; };
		A31C49E91C95B85600232775 /* AddFavoriteItemVC.swift */ = {isa = PBXFileReference; fileEncoding = 4; lastKnownFileType = sourcecode.swift; path = AddFavoriteItemVC.swift; sourceTree = "<group>"; };
		A3C9C7161C7873970091CAB5 /* Favorites.app */ = {isa = PBXFileReference; explicitFileType = wrapper.application; includeInIndex = 0; path = Favorites.app; sourceTree = BUILT_PRODUCTS_DIR; };
		A3C9C7191C7873980091CAB5 /* AppDelegate.swift */ = {isa = PBXFileReference; lastKnownFileType = sourcecode.swift; path = AppDelegate.swift; sourceTree = "<group>"; };
		A3C9C71B1C7873980091CAB5 /* ViewController.swift */ = {isa = PBXFileReference; lastKnownFileType = sourcecode.swift; path = ViewController.swift; sourceTree = "<group>"; };
		A3C9C71E1C7873980091CAB5 /* Base */ = {isa = PBXFileReference; lastKnownFileType = file.storyboard; name = Base; path = Base.lproj/Main.storyboard; sourceTree = "<group>"; };
		A3C9C7201C7873980091CAB5 /* Assets.xcassets */ = {isa = PBXFileReference; lastKnownFileType = folder.assetcatalog; path = Assets.xcassets; sourceTree = "<group>"; };
		A3C9C7231C7873980091CAB5 /* Base */ = {isa = PBXFileReference; lastKnownFileType = file.storyboard; name = Base; path = Base.lproj/LaunchScreen.storyboard; sourceTree = "<group>"; };
		A3C9C7251C7873980091CAB5 /* Info.plist */ = {isa = PBXFileReference; lastKnownFileType = text.plist.xml; path = Info.plist; sourceTree = "<group>"; };
		A3C9C72C1C7949A70091CAB5 /* BaseVC.swift */ = {isa = PBXFileReference; fileEncoding = 4; lastKnownFileType = sourcecode.swift; path = BaseVC.swift; sourceTree = "<group>"; };
		A3C9C72E1C7949C50091CAB5 /* BaseTVC.swift */ = {isa = PBXFileReference; fileEncoding = 4; lastKnownFileType = sourcecode.swift; path = BaseTVC.swift; sourceTree = "<group>"; };
		A3C9C7301C7949E50091CAB5 /* BaseNavigationController.swift */ = {isa = PBXFileReference; fileEncoding = 4; lastKnownFileType = sourcecode.swift; path = BaseNavigationController.swift; sourceTree = "<group>"; };
		A3C9C7341C794C950091CAB5 /* FavoriteHomeVC.swift */ = {isa = PBXFileReference; fileEncoding = 4; lastKnownFileType = sourcecode.swift; path = FavoriteHomeVC.swift; sourceTree = "<group>"; };
/* End PBXFileReference section */

/* Begin PBXFrameworksBuildPhase section */
		A3C9C7131C7873970091CAB5 /* Frameworks */ = {
			isa = PBXFrameworksBuildPhase;
			buildActionMask = 2147483647;
			files = (
			);
			runOnlyForDeploymentPostprocessing = 0;
		};
/* End PBXFrameworksBuildPhase section */

/* Begin PBXGroup section */
		A3030CCF1C8BE08400134CCA /* FavoriteGroupDetailVC */ = {
			isa = PBXGroup;
			children = (
				A3030CD01C8BE4EF00134CCA /* FavoriteGroupDetailVC.swift */,
			);
			path = FavoriteGroupDetailVC;
			sourceTree = "<group>";
		};
		A3030CD21C8BE6E600134CCA /* Model */ = {
			isa = PBXGroup;
			children = (
				A3030CD31C8BE78100134CCA /* Favorite.swift */,
				A3030CDE1C8C3F3C00134CCA /* FavoriteCategory.swift */,
			);
			path = Model;
			sourceTree = "<group>";
		};
		A3030CD51C8C1A5600134CCA /* Cache */ = {
			isa = PBXGroup;
			children = (
				A3030CD61C8C1A7400134CCA /* BaseCache.swift */,
				A3030CD81C8C1C9D00134CCA /* CacheBus.swift */,
				A3030CDA1C8C1CB600134CCA /* CacheFavorite.swift */,
				A3030CDC1C8C3D8000134CCA /* CacheCategory.swift */,
			);
			path = Cache;
			sourceTree = "<group>";
		};
		A3030CE01C8C720A00134CCA /* AddFavoriteItemVC */ = {
			isa = PBXGroup;
			children = (
				A3030CE11C8C722E00134CCA /* AddFavoriteCategoryVC.swift */,
				A31C49E91C95B85600232775 /* AddFavoriteItemVC.swift */,
			);
			path = AddFavoriteItemVC;
			sourceTree = "<group>";
		};
		A31C49EB1C95BB7500232775 /* FavoriteDetail */ = {
			isa = PBXGroup;
			children = (
			);
			path = FavoriteDetail;
			sourceTree = "<group>";
		};
		A3C9C70D1C7873970091CAB5 = {
			isa = PBXGroup;
			children = (
				A3C9C7181C7873970091CAB5 /* Favorites */,
				A3C9C7171C7873970091CAB5 /* Products */,
			);
			sourceTree = "<group>";
		};
		A3C9C7171C7873970091CAB5 /* Products */ = {
			isa = PBXGroup;
			children = (
				A3C9C7161C7873970091CAB5 /* Favorites.app */,
			);
			name = Products;
			sourceTree = "<group>";
		};
		A3C9C7181C7873970091CAB5 /* Favorites */ = {
			isa = PBXGroup;
			children = (
				A3030CD51C8C1A5600134CCA /* Cache */,
				A3030CD21C8BE6E600134CCA /* Model */,
				A3C9C7321C794C610091CAB5 /* VC */,
				A3C9C72B1C79498D0091CAB5 /* Base */,
				A3C9C7191C7873980091CAB5 /* AppDelegate.swift */,
				A3C9C71B1C7873980091CAB5 /* ViewController.swift */,
				A3C9C71D1C7873980091CAB5 /* Main.storyboard */,
				A3C9C7201C7873980091CAB5 /* Assets.xcassets */,
				A3C9C7221C7873980091CAB5 /* LaunchScreen.storyboard */,
				A3C9C7251C7873980091CAB5 /* Info.plist */,
			);
			path = Favorites;
			sourceTree = "<group>";
		};
		A3C9C72B1C79498D0091CAB5 /* Base */ = {
			isa = PBXGroup;
			children = (
				A3C9C72C1C7949A70091CAB5 /* BaseVC.swift */,
				A3C9C72E1C7949C50091CAB5 /* BaseTVC.swift */,
				A3C9C7301C7949E50091CAB5 /* BaseNavigationController.swift */,
			);
			path = Base;
			sourceTree = "<group>";
		};
		A3C9C7321C794C610091CAB5 /* VC */ = {
			isa = PBXGroup;
			children = (
				A31C49EB1C95BB7500232775 /* FavoriteDetail */,
				A3030CE01C8C720A00134CCA /* AddFavoriteItemVC */,
				A3030CCF1C8BE08400134CCA /* FavoriteGroupDetailVC */,
				A3C9C7331C794C700091CAB5 /* FavoriteHomeVC */,
			);
			path = VC;
			sourceTree = "<group>";
		};
		A3C9C7331C794C700091CAB5 /* FavoriteHomeVC */ = {
			isa = PBXGroup;
			children = (
				A3C9C7341C794C950091CAB5 /* FavoriteHomeVC.swift */,
				A3030CCD1C8BD7F500134CCA /* GroupCell.swift */,
			);
			path = FavoriteHomeVC;
			sourceTree = "<group>";
		};
/* End PBXGroup section */

/* Begin PBXNativeTarget section */
		A3C9C7151C7873970091CAB5 /* Favorites */ = {
			isa = PBXNativeTarget;
			buildConfigurationList = A3C9C7281C7873980091CAB5 /* Build configuration list for PBXNativeTarget "Favorites" */;
			buildPhases = (
				A3C9C7121C7873970091CAB5 /* Sources */,
				A3C9C7131C7873970091CAB5 /* Frameworks */,
				A3C9C7141C7873970091CAB5 /* Resources */,
			);
			buildRules = (
			);
			dependencies = (
			);
			name = Favorites;
			productName = Favorites;
			productReference = A3C9C7161C7873970091CAB5 /* Favorites.app */;
			productType = "com.apple.product-type.application";
		};
/* End PBXNativeTarget section */

/* Begin PBXProject section */
		A3C9C70E1C7873970091CAB5 /* Project object */ = {
			isa = PBXProject;
			attributes = {
				LastSwiftUpdateCheck = 0720;
				LastUpgradeCheck = 0720;
				ORGANIZATIONNAME = "洪毅 郑";
				TargetAttributes = {
					A3C9C7151C7873970091CAB5 = {
						CreatedOnToolsVersion = 7.2;
<<<<<<< HEAD
						DevelopmentTeam = 7T366LQLPX;
=======
						DevelopmentTeam = XTP2299ZCK;
>>>>>>> 69594dba11e39bda55e0ebd5e93fe1dbffa67c8e
					};
				};
			};
			buildConfigurationList = A3C9C7111C7873970091CAB5 /* Build configuration list for PBXProject "Favorites" */;
			compatibilityVersion = "Xcode 3.2";
			developmentRegion = English;
			hasScannedForEncodings = 0;
			knownRegions = (
				en,
				Base,
			);
			mainGroup = A3C9C70D1C7873970091CAB5;
			productRefGroup = A3C9C7171C7873970091CAB5 /* Products */;
			projectDirPath = "";
			projectRoot = "";
			targets = (
				A3C9C7151C7873970091CAB5 /* Favorites */,
			);
		};
/* End PBXProject section */

/* Begin PBXResourcesBuildPhase section */
		A3C9C7141C7873970091CAB5 /* Resources */ = {
			isa = PBXResourcesBuildPhase;
			buildActionMask = 2147483647;
			files = (
				A3C9C7241C7873980091CAB5 /* LaunchScreen.storyboard in Resources */,
				A3C9C7211C7873980091CAB5 /* Assets.xcassets in Resources */,
				A3C9C71F1C7873980091CAB5 /* Main.storyboard in Resources */,
			);
			runOnlyForDeploymentPostprocessing = 0;
		};
/* End PBXResourcesBuildPhase section */

/* Begin PBXSourcesBuildPhase section */
		A3C9C7121C7873970091CAB5 /* Sources */ = {
			isa = PBXSourcesBuildPhase;
			buildActionMask = 2147483647;
			files = (
				A3030CCE1C8BD7F500134CCA /* GroupCell.swift in Sources */,
				A3C9C72F1C7949C50091CAB5 /* BaseTVC.swift in Sources */,
				A3030CDB1C8C1CB600134CCA /* CacheFavorite.swift in Sources */,
				A31C49EA1C95B85600232775 /* AddFavoriteItemVC.swift in Sources */,
				A3030CE21C8C722E00134CCA /* AddFavoriteCategoryVC.swift in Sources */,
				A3C9C71C1C7873980091CAB5 /* ViewController.swift in Sources */,
				A3C9C72D1C7949A70091CAB5 /* BaseVC.swift in Sources */,
				A3030CD91C8C1C9D00134CCA /* CacheBus.swift in Sources */,
				A3C9C7311C7949E50091CAB5 /* BaseNavigationController.swift in Sources */,
				A3030CD71C8C1A7400134CCA /* BaseCache.swift in Sources */,
				A3030CDD1C8C3D8000134CCA /* CacheCategory.swift in Sources */,
				A3C9C71A1C7873980091CAB5 /* AppDelegate.swift in Sources */,
				A3030CD41C8BE78100134CCA /* Favorite.swift in Sources */,
				A3030CDF1C8C3F3C00134CCA /* FavoriteCategory.swift in Sources */,
				A3C9C7351C794C950091CAB5 /* FavoriteHomeVC.swift in Sources */,
				A3030CD11C8BE4EF00134CCA /* FavoriteGroupDetailVC.swift in Sources */,
			);
			runOnlyForDeploymentPostprocessing = 0;
		};
/* End PBXSourcesBuildPhase section */

/* Begin PBXVariantGroup section */
		A3C9C71D1C7873980091CAB5 /* Main.storyboard */ = {
			isa = PBXVariantGroup;
			children = (
				A3C9C71E1C7873980091CAB5 /* Base */,
			);
			name = Main.storyboard;
			sourceTree = "<group>";
		};
		A3C9C7221C7873980091CAB5 /* LaunchScreen.storyboard */ = {
			isa = PBXVariantGroup;
			children = (
				A3C9C7231C7873980091CAB5 /* Base */,
			);
			name = LaunchScreen.storyboard;
			sourceTree = "<group>";
		};
/* End PBXVariantGroup section */

/* Begin XCBuildConfiguration section */
		A3C9C7261C7873980091CAB5 /* Debug */ = {
			isa = XCBuildConfiguration;
			buildSettings = {
				ALWAYS_SEARCH_USER_PATHS = NO;
				CLANG_CXX_LANGUAGE_STANDARD = "gnu++0x";
				CLANG_CXX_LIBRARY = "libc++";
				CLANG_ENABLE_MODULES = YES;
				CLANG_ENABLE_OBJC_ARC = YES;
				CLANG_WARN_BOOL_CONVERSION = YES;
				CLANG_WARN_CONSTANT_CONVERSION = YES;
				CLANG_WARN_DIRECT_OBJC_ISA_USAGE = YES_ERROR;
				CLANG_WARN_EMPTY_BODY = YES;
				CLANG_WARN_ENUM_CONVERSION = YES;
				CLANG_WARN_INT_CONVERSION = YES;
				CLANG_WARN_OBJC_ROOT_CLASS = YES_ERROR;
				CLANG_WARN_UNREACHABLE_CODE = YES;
				CLANG_WARN__DUPLICATE_METHOD_MATCH = YES;
				CODE_SIGN_IDENTITY = "iPhone Developer";
				"CODE_SIGN_IDENTITY[sdk=iphoneos*]" = "iPhone Developer";
				COPY_PHASE_STRIP = NO;
				DEBUG_INFORMATION_FORMAT = dwarf;
				EMBEDDED_CONTENT_CONTAINS_SWIFT = YES;
				ENABLE_STRICT_OBJC_MSGSEND = YES;
				ENABLE_TESTABILITY = YES;
				GCC_C_LANGUAGE_STANDARD = gnu99;
				GCC_DYNAMIC_NO_PIC = NO;
				GCC_NO_COMMON_BLOCKS = YES;
				GCC_OPTIMIZATION_LEVEL = 0;
				GCC_PREPROCESSOR_DEFINITIONS = (
					"DEBUG=1",
					"$(inherited)",
				);
				GCC_WARN_64_TO_32_BIT_CONVERSION = YES;
				GCC_WARN_ABOUT_RETURN_TYPE = YES_ERROR;
				GCC_WARN_UNDECLARED_SELECTOR = YES;
				GCC_WARN_UNINITIALIZED_AUTOS = YES_AGGRESSIVE;
				GCC_WARN_UNUSED_FUNCTION = YES;
				GCC_WARN_UNUSED_VARIABLE = YES;
				IPHONEOS_DEPLOYMENT_TARGET = 9.2;
				MTL_ENABLE_DEBUG_INFO = YES;
				ONLY_ACTIVE_ARCH = YES;
				SDKROOT = iphoneos;
				SWIFT_OPTIMIZATION_LEVEL = "-Onone";
			};
			name = Debug;
		};
		A3C9C7271C7873980091CAB5 /* Release */ = {
			isa = XCBuildConfiguration;
			buildSettings = {
				ALWAYS_SEARCH_USER_PATHS = NO;
				CLANG_CXX_LANGUAGE_STANDARD = "gnu++0x";
				CLANG_CXX_LIBRARY = "libc++";
				CLANG_ENABLE_MODULES = YES;
				CLANG_ENABLE_OBJC_ARC = YES;
				CLANG_WARN_BOOL_CONVERSION = YES;
				CLANG_WARN_CONSTANT_CONVERSION = YES;
				CLANG_WARN_DIRECT_OBJC_ISA_USAGE = YES_ERROR;
				CLANG_WARN_EMPTY_BODY = YES;
				CLANG_WARN_ENUM_CONVERSION = YES;
				CLANG_WARN_INT_CONVERSION = YES;
				CLANG_WARN_OBJC_ROOT_CLASS = YES_ERROR;
				CLANG_WARN_UNREACHABLE_CODE = YES;
				CLANG_WARN__DUPLICATE_METHOD_MATCH = YES;
				CODE_SIGN_IDENTITY = "iPhone Developer";
				"CODE_SIGN_IDENTITY[sdk=iphoneos*]" = "iPhone Developer";
				COPY_PHASE_STRIP = NO;
				DEBUG_INFORMATION_FORMAT = "dwarf-with-dsym";
				EMBEDDED_CONTENT_CONTAINS_SWIFT = YES;
				ENABLE_NS_ASSERTIONS = NO;
				ENABLE_STRICT_OBJC_MSGSEND = YES;
				GCC_C_LANGUAGE_STANDARD = gnu99;
				GCC_NO_COMMON_BLOCKS = YES;
				GCC_WARN_64_TO_32_BIT_CONVERSION = YES;
				GCC_WARN_ABOUT_RETURN_TYPE = YES_ERROR;
				GCC_WARN_UNDECLARED_SELECTOR = YES;
				GCC_WARN_UNINITIALIZED_AUTOS = YES_AGGRESSIVE;
				GCC_WARN_UNUSED_FUNCTION = YES;
				GCC_WARN_UNUSED_VARIABLE = YES;
				IPHONEOS_DEPLOYMENT_TARGET = 9.2;
				MTL_ENABLE_DEBUG_INFO = NO;
				SDKROOT = iphoneos;
				VALIDATE_PRODUCT = YES;
			};
			name = Release;
		};
		A3C9C7291C7873980091CAB5 /* Debug */ = {
			isa = XCBuildConfiguration;
			buildSettings = {
				ASSETCATALOG_COMPILER_APPICON_NAME = AppIcon;
				CODE_SIGN_IDENTITY = "iPhone Developer: zheng yi (J7EN8LGLQW)";
				EMBEDDED_CONTENT_CONTAINS_SWIFT = YES;
				CODE_SIGN_IDENTITY = "iPhone Developer";
				INFOPLIST_FILE = Favorites/Info.plist;
				IPHONEOS_DEPLOYMENT_TARGET = 7.0;
				LD_RUNPATH_SEARCH_PATHS = "$(inherited) @executable_path/Frameworks";
				PRODUCT_BUNDLE_IDENTIFIER = com.eworld.favorite;
				PRODUCT_NAME = "$(TARGET_NAME)";
				PROVISIONING_PROFILE = "4bc7193a-16ca-4c7e-8081-b79fb1a09e2a";
			};
			name = Debug;
		};
		A3C9C72A1C7873980091CAB5 /* Release */ = {
			isa = XCBuildConfiguration;
			buildSettings = {
				ASSETCATALOG_COMPILER_APPICON_NAME = AppIcon;
				CODE_SIGN_IDENTITY = "iPhone Developer: zheng yi (J7EN8LGLQW)";
				EMBEDDED_CONTENT_CONTAINS_SWIFT = YES;
				CODE_SIGN_IDENTITY = "iPhone Developer";
				INFOPLIST_FILE = Favorites/Info.plist;
				IPHONEOS_DEPLOYMENT_TARGET = 7.0;
				LD_RUNPATH_SEARCH_PATHS = "$(inherited) @executable_path/Frameworks";
				PRODUCT_BUNDLE_IDENTIFIER = com.eworld.favorite;
				PRODUCT_NAME = "$(TARGET_NAME)";
				PROVISIONING_PROFILE = "4bc7193a-16ca-4c7e-8081-b79fb1a09e2a";
			};
			name = Release;
		};
/* End XCBuildConfiguration section */

/* Begin XCConfigurationList section */
		A3C9C7111C7873970091CAB5 /* Build configuration list for PBXProject "Favorites" */ = {
			isa = XCConfigurationList;
			buildConfigurations = (
				A3C9C7261C7873980091CAB5 /* Debug */,
				A3C9C7271C7873980091CAB5 /* Release */,
			);
			defaultConfigurationIsVisible = 0;
			defaultConfigurationName = Release;
		};
		A3C9C7281C7873980091CAB5 /* Build configuration list for PBXNativeTarget "Favorites" */ = {
			isa = XCConfigurationList;
			buildConfigurations = (
				A3C9C7291C7873980091CAB5 /* Debug */,
				A3C9C72A1C7873980091CAB5 /* Release */,
			);
			defaultConfigurationIsVisible = 0;
			defaultConfigurationName = Release;
		};
/* End XCConfigurationList section */
	};
	rootObject = A3C9C70E1C7873970091CAB5 /* Project object */;
}
